
Microsoft Visual Studio Solution File, Format Version 11.00
# Visual Studio 2010
# SharpDevelop 4.4
Project("{FAE04EC0-301F-11D3-BF4B-00C04F79EFBC}") = "Survival_on_island", "Survival_on_island.csproj", "{F982A3BE-BB61-4303-B345-DB64A926BA7E}"
EndProject
Global
	GlobalSection(SolutionConfigurationPlatforms) = preSolution
		Debug|Any CPU = Debug|Any CPU
		Release|Any CPU = Release|Any CPU
	EndGlobalSection
	GlobalSection(ProjectConfigurationPlatforms) = postSolution
		{F982A3BE-BB61-4303-B345-DB64A926BA7E}.Debug|Any CPU.Build.0 = Debug|Any CPU
		{F982A3BE-BB61-4303-B345-DB64A926BA7E}.Debug|Any CPU.ActiveCfg = Debug|Any CPU
		{F982A3BE-BB61-4303-B345-DB64A926BA7E}.Release|Any CPU.Build.0 = Release|Any CPU
		{F982A3BE-BB61-4303-B345-DB64A926BA7E}.Release|Any CPU.ActiveCfg = Release|Any CPU
	EndGlobalSection
EndGlobal
